Microsoft Visual Studio Solution File, Format Version 12.00
# Visual Studio Version 17
VisualStudioVersion = 17.5.2.0
MinimumVisualStudioVersion = 10.0.40219.1
Project("{FAE04EC0-301F-11D3-BF4B-00C04F79EFBC}") = "SwAIvyn", "backend\SwAIvyn.csproj", "{E10A942E-F0F7-979D-E419-A1637CAA0A82}"
EndProject
Project("{FAE04EC0-301F-11D3-BF4B-00C04F79EFBC}") = "CheckSqliteVersion", "CheckSqliteVersion\CheckSqliteVersion.csproj", "{BCDD59FE-E894-DFAD-DD78-AF97B827963B}"
EndProject
Project("{FAE04EC0-301F-11D3-BF4B-00C04F79EFBC}") = "DebugTool", "DebugTool\DebugTool.csproj", "{779F39A8-5F13-DDAC-8025-A74683C1B3AA}"
EndProject
Project("{FAE04EC0-301F-11D3-BF4B-00C04F79EFBC}") = "TestSqliteVss", "TestSqliteVssProject\TestSqliteVss.csproj", "{1F0EB3AA-5AC0-091F-C99E-032A6112964B}"
EndProject
Project("{2150E333-8FDC-42A3-9474-1A3956D46DE8}") = "tools", "tools", "{07C2787E-EAC7-C090-1BA3-A61EC2A24D84}"
EndProject
Project("{FAE04EC0-301F-11D3-BF4B-00C04F79EFBC}") = "CheckSqliteVersion", "tools\CheckSqliteVersion\CheckSqliteVersion.csproj", "{056E05F4-92E0-9515-4990-3D07E5EC1C9E}"
EndProject
Project("{FAE04EC0-301F-11D3-BF4B-00C04F79EFBC}") = "CreateTables", "tools\CreateTables\CreateTables.csproj", "{7C61E0EF-C8E5-984C-B490-DA7853C1770E}"
EndProject
Project("{FAE04EC0-301F-11D3-BF4B-00C04F79EFBC}") = "DatabaseImporter", "tools\DatabaseRebuild\DatabaseImporter.csproj", "{5446252C-BEA6-27E5-B57A-AF4CBE11EE5D}"
EndProject
Project("{FAE04EC0-301F-11D3-BF4B-00C04F79EFBC}") = "DatabaseRebuild", "tools\DatabaseRebuild\DatabaseRebuild.csproj", "{4349E5B4-B7D3-6E3F-9864-FE745E29C951}"
EndProject
Project("{FAE04EC0-301F-11D3-BF4B-00C04F79EFBC}") = "DeleteGLaDOS", "tools\DeleteGLaDOS\DeleteGLaDOS.csproj", "{C5325FC7-4A03-BA14-6C87-4FD0684DBBB5}"
EndProject
Project("{FAE04EC0-301F-11D3-BF4B-00C04F79EFBC}") = "InsertGLaDOSCharacter", "tools\InsertGLaDOSCharacter\InsertGLaDOSCharacter.csproj", "{7F898646-60B5-117F-124A-1BE347E14B3B}"
EndProject
Project("{FAE04EC0-301F-11D3-BF4B-00C04F79EFBC}") = "InsertSamCharacter", "tools\InsertSamCharacter\InsertSamCharacter.csproj", "{B41CD814-5F8F-3A43-7C27-1D60219FC392}"
EndProject
Project("{FAE04EC0-301F-11D3-BF4B-00C04F79EFBC}") = "InsertSherlockCharacter", "tools\InsertSherlockCharacter\InsertSherlockCharacter.csproj", "{F0D6374C-01A0-47E0-3E21-C00ECADEC6A5}"
EndProject
Project("{FAE04EC0-301F-11D3-BF4B-00C04F79EFBC}") = "TestSqliteVss", "tools\TestSqliteVss\TestSqliteVss.csproj", "{344BEBC5-F482-A3D7-888E-17DB935AE0AE}"
EndProject
Project("{FAE04EC0-301F-11D3-BF4B-00C04F79EFBC}") = "UpdateDatabase", "tools\UpdateDatabase\UpdateDatabase.csproj", "{C74990D3-62BC-16F2-9DB7-7BB790739250}"
EndProject
Global
	GlobalSection(SolutionConfigurationPlatforms) = preSolution
		Debug|Any CPU = Debug|Any CPU
		Release|Any CPU = Release|Any CPU
	EndGlobalSection
	GlobalSection(ProjectConfigurationPlatforms) = postSolution
		{E10A942E-F0F7-979D-E419-A1637CAA0A82}.Debug|Any CPU.ActiveCfg = Debug|Any CPU
		{E10A942E-F0F7-979D-E419-A1637CAA0A82}.Debug|Any CPU.Build.0 = Debug|Any CPU
		{E10A942E-F0F7-979D-E419-A1637CAA0A82}.Release|Any CPU.ActiveCfg = Release|Any CPU
		{E10A942E-F0F7-979D-E419-A1637CAA0A82}.Release|Any CPU.Build.0 = Release|Any CPU
		{BCDD59FE-E894-DFAD-DD78-AF97B827963B}.Debug|Any CPU.ActiveCfg = Debug|Any CPU
		{BCDD59FE-E894-DFAD-DD78-AF97B827963B}.Debug|Any CPU.Build.0 = Debug|Any CPU
		{BCDD59FE-E894-DFAD-DD78-AF97B827963B}.Release|Any CPU.ActiveCfg = Release|Any CPU
		{BCDD59FE-E894-DFAD-DD78-AF97B827963B}.Release|Any CPU.Build.0 = Release|Any CPU
		{779F39A8-5F13-DDAC-8025-A74683C1B3AA}.Debug|Any CPU.ActiveCfg = Debug|Any CPU
		{779F39A8-5F13-DDAC-8025-A74683C1B3AA}.Debug|Any CPU.Build.0 = Debug|Any CPU
		{779F39A8-5F13-DDAC-8025-A74683C1B3AA}.Release|Any CPU.ActiveCfg = Release|Any CPU
		{779F39A8-5F13-DDAC-8025-A74683C1B3AA}.Release|Any CPU.Build.0 = Release|Any CPU
		{1F0EB3AA-5AC0-091F-C99E-032A6112964B}.Debug|Any CPU.ActiveCfg = Debug|Any CPU
		{1F0EB3AA-5AC0-091F-C99E-032A6112964B}.Debug|Any CPU.Build.0 = Debug|Any CPU
		{1F0EB3AA-5AC0-091F-C99E-032A6112964B}.Release|Any CPU.ActiveCfg = Release|Any CPU
		{1F0EB3AA-5AC0-091F-C99E-032A6112964B}.Release|Any CPU.Build.0 = Release|Any CPU
		{056E05F4-92E0-9515-4990-3D07E5EC1C9E}.Debug|Any CPU.ActiveCfg = Debug|Any CPU
		{056E05F4-92E0-9515-4990-3D07E5EC1C9E}.Debug|Any CPU.Build.0 = Debug|Any CPU
		{056E05F4-92E0-9515-4990-3D07E5EC1C9E}.Release|Any CPU.ActiveCfg = Release|Any CPU
		{056E05F4-92E0-9515-4990-3D07E5EC1C9E}.Release|Any CPU.Build.0 = Release|Any CPU
		{7C61E0EF-C8E5-984C-B490-DA7853C1770E}.Debug|Any CPU.ActiveCfg = Debug|Any CPU
		{7C61E0EF-C8E5-984C-B490-DA7853C1770E}.Debug|Any CPU.Build.0 = Debug|Any CPU
		{7C61E0EF-C8E5-984C-B490-DA7853C1770E}.Release|Any CPU.ActiveCfg = Release|Any CPU
		{7C61E0EF-C8E5-984C-B490-DA7853C1770E}.Release|Any CPU.Build.0 = Release|Any CPU
		{5446252C-BEA6-27E5-B57A-AF4CBE11EE5D}.Debug|Any CPU.ActiveCfg = Debug|Any CPU
		{5446252C-BEA6-27E5-B57A-AF4CBE11EE5D}.Debug|Any CPU.Build.0 = Debug|Any CPU
		{5446252C-BEA6-27E5-B57A-AF4CBE11EE5D}.Release|Any CPU.ActiveCfg = Release|Any CPU
		{5446252C-BEA6-27E5-B57A-AF4CBE11EE5D}.Release|Any CPU.Build.0 = Release|Any CPU
		{4349E5B4-B7D3-6E3F-9864-FE745E29C951}.Debug|Any CPU.ActiveCfg = Debug|Any CPU
		{4349E5B4-B7D3-6E3F-9864-FE745E29C951}.Debug|Any CPU.Build.0 = Debug|Any CPU
		{4349E5B4-B7D3-6E3F-9864-FE745E29C951}.Release|Any CPU.ActiveCfg = Release|Any CPU
		{4349E5B4-B7D3-6E3F-9864-FE745E29C951}.Release|Any CPU.Build.0 = Release|Any CPU
		{C5325FC7-4A03-BA14-6C87-4FD0684DBBB5}.Debug|Any CPU.ActiveCfg = Debug|Any CPU
		{C5325FC7-4A03-BA14-6C87-4FD0684DBBB5}.Debug|Any CPU.Build.0 = Debug|Any CPU
		{C5325FC7-4A03-BA14-6C87-4FD0684DBBB5}.Release|Any CPU.ActiveCfg = Release|Any CPU
		{C5325FC7-4A03-BA14-6C87-4FD0684DBBB5}.Release|Any CPU.Build.0 = Release|Any CPU
		{7F898646-60B5-117F-124A-1BE347E14B3B}.Debug|Any CPU.ActiveCfg = Debug|Any CPU
		{7F898646-60B5-117F-124A-1BE347E14B3B}.Debug|Any CPU.Build.0 = Debug|Any CPU
		{7F898646-60B5-117F-124A-1BE347E14B3B}.Release|Any CPU.ActiveCfg = Release|Any CPU
		{7F898646-60B5-117F-124A-1BE347E14B3B}.Release|Any CPU.Build.0 = Release|Any CPU
		{B41CD814-5F8F-3A43-7C27-1D60219FC392}.Debug|Any CPU.ActiveCfg = Debug|Any CPU
		{B41CD814-5F8F-3A43-7C27-1D60219FC392}.Debug|Any CPU.Build.0 = Debug|Any CPU
		{B41CD814-5F8F-3A43-7C27-1D60219FC392}.Release|Any CPU.ActiveCfg = Release|Any CPU
		{B41CD814-5F8F-3A43-7C27-1D60219FC392}.Release|Any CPU.Build.0 = Release|Any CPU
		{F0D6374C-01A0-47E0-3E21-C00ECADEC6A5}.Debug|Any CPU.ActiveCfg = Debug|Any CPU
		{F0D6374C-01A0-47E0-3E21-C00ECADEC6A5}.Debug|Any CPU.Build.0 = Debug|Any CPU
		{F0D6374C-01A0-47E0-3E21-C00ECADEC6A5}.Release|Any CPU.ActiveCfg = Release|Any CPU
		{F0D6374C-01A0-47E0-3E21-C00ECADEC6A5}.Release|Any CPU.Build.0 = Release|Any CPU
		{344BEBC5-F482-A3D7-888E-17DB935AE0AE}.Debug|Any CPU.ActiveCfg = Debug|Any CPU
		{344BEBC5-F482-A3D7-888E-17DB935AE0AE}.Debug|Any CPU.Build.0 = Debug|Any CPU
		{344BEBC5-F482-A3D7-888E-17DB935AE0AE}.Release|Any CPU.ActiveCfg = Release|Any CPU
		{344BEBC5-F482-A3D7-888E-17DB935AE0AE}.Release|Any CPU.Build.0 = Release|Any CPU
		{C74990D3-62BC-16F2-9DB7-7BB790739250}.Debug|Any CPU.ActiveCfg = Debug|Any CPU
		{C74990D3-62BC-16F2-9DB7-7BB790739250}.Debug|Any CPU.Build.0 = Debug|Any CPU
		{C74990D3-62BC-16F2-9DB7-7BB790739250}.Release|Any CPU.ActiveCfg = Release|Any CPU
		{C74990D3-62BC-16F2-9DB7-7BB790739250}.Release|Any CPU.Build.0 = Release|Any CPU
	EndGlobalSection
	GlobalSection(SolutionProperties) = preSolution
		HideSolutionNode = FALSE
	EndGlobalSection
	GlobalSection(NestedProjects) = preSolution
		{056E05F4-92E0-9515-4990-3D07E5EC1C9E} = {07C2787E-EAC7-C090-1BA3-A61EC2A24D84}
		{7C61E0EF-C8E5-984C-B490-DA7853C1770E} = {07C2787E-EAC7-C090-1BA3-A61EC2A24D84}
		{5446252C-BEA6-27E5-B57A-AF4CBE11EE5D} = {07C2787E-EAC7-C090-1BA3-A61EC2A24D84}
		{4349E5B4-B7D3-6E3F-9864-FE745E29C951} = {07C2787E-EAC7-C090-1BA3-A61EC2A24D84}
		{C5325FC7-4A03-BA14-6C87-4FD0684DBBB5} = {07C2787E-EAC7-C090-1BA3-A61EC2A24D84}
		{7F898646-60B5-117F-124A-1BE347E14B3B} = {07C2787E-EAC7-C090-1BA3-A61EC2A24D84}
		{B41CD814-5F8F-3A43-7C27-1D60219FC392} = {07C2787E-EAC7-C090-1BA3-A61EC2A24D84}
		{F0D6374C-01A0-47E0-3E21-C00ECADEC6A5} = {07C2787E-EAC7-C090-1BA3-A61EC2A24D84}
		{344BEBC5-F482-A3D7-888E-17DB935AE0AE} = {07C2787E-EAC7-C090-1BA3-A61EC2A24D84}
		{C74990D3-62BC-16F2-9DB7-7BB790739250} = {07C2787E-EAC7-C090-1BA3-A61EC2A24D84}
	EndGlobalSection
	GlobalSection(ExtensibilityGlobals) = postSolution
		SolutionGuid = {31A8ECAA-3C31-4573-BE6D-733EB7A304AA}
	EndGlobalSection
EndGlobal
